// !$*UTF8*$!
{
	archiveVersion = 1;
	classes = {
	};
	objectVersion = 46;
	objects = {

/* Begin PBXBuildFile section */
		1605A84E1B9F0F5C0089707F /* PMRootVC.m in Sources */ = {isa = PBXBuildFile; fileRef = 1605A84C1B9F0F5C0089707F /* PMRootVC.m */; };
		1605A84F1B9F0F5C0089707F /* PMRootVC.xib in Resources */ = {isa = PBXBuildFile; fileRef = 1605A84D1B9F0F5C0089707F /* PMRootVC.xib */; };
		1605A8511B9F0F9C0089707F /* MediaPlayer.framework in Frameworks */ = {isa = PBXBuildFile; fileRef = 1605A8501B9F0F9C0089707F /* MediaPlayer.framework */; };
		1605A8561B9F18B90089707F /* jc-4501.jpg in Resources */ = {isa = PBXBuildFile; fileRef = 1605A8541B9F18B90089707F /* jc-4501.jpg */; };
		1605A8571B9F18B90089707F /* video.mp4 in Resources */ = {isa = PBXBuildFile; fileRef = 1605A8551B9F18B90089707F /* video.mp4 */; };
		1605A85A1B9F1DC30089707F /* PMVideoMainVC.m in Sources */ = {isa = PBXBuildFile; fileRef = 1605A8591B9F1DC30089707F /* PMVideoMainVC.m */; };
		16091B631BA1CF5A00F6274A /* PhotoList.plist in Resources */ = {isa = PBXBuildFile; fileRef = 16091B621BA1CF5A00F6274A /* PhotoList.plist */; };
		16091B661BA1D07100F6274A /* PMPhotoVC.m in Sources */ = {isa = PBXBuildFile; fileRef = 16091B651BA1D07100F6274A /* PMPhotoVC.m */; };
		16091B6D1BA1E24400F6274A /* PMPhotoCell.m in Sources */ = {isa = PBXBuildFile; fileRef = 16091B6C1BA1E24400F6274A /* PMPhotoCell.m */; };
		16091B801BA1EB9600F6274A /* IDMCaptionView.m in Sources */ = {isa = PBXBuildFile; fileRef = 16091B711BA1EB9600F6274A /* IDMCaptionView.m */; };
		16091B811BA1EB9600F6274A /* IDMPBLocalizations.bundle in Resources */ = {isa = PBXBuildFile; fileRef = 16091B731BA1EB9600F6274A /* IDMPBLocalizations.bundle */; };
		16091B821BA1EB9600F6274A /* IDMPhoto.m in Sources */ = {isa = PBXBuildFile; fileRef = 16091B751BA1EB9600F6274A /* IDMPhoto.m */; };
		16091B831BA1EB9600F6274A /* IDMPhotoBrowser.bundle in Resources */ = {isa = PBXBuildFile; fileRef = 16091B761BA1EB9600F6274A /* IDMPhotoBrowser.bundle */; };
		16091B841BA1EB9600F6274A /* IDMPhotoBrowser.m in Sources */ = {isa = PBXBuildFile; fileRef = 16091B781BA1EB9600F6274A /* IDMPhotoBrowser.m */; };
		16091B851BA1EB9600F6274A /* IDMTapDetectingImageView.m in Sources */ = {isa = PBXBuildFile; fileRef = 16091B7B1BA1EB9600F6274A /* IDMTapDetectingImageView.m */; };
		16091B861BA1EB9600F6274A /* IDMTapDetectingView.m in Sources */ = {isa = PBXBuildFile; fileRef = 16091B7D1BA1EB9600F6274A /* IDMTapDetectingView.m */; };
		16091B871BA1EB9600F6274A /* IDMZoomingScrollView.m in Sources */ = {isa = PBXBuildFile; fileRef = 16091B7F1BA1EB9600F6274A /* IDMZoomingScrollView.m */; };
		160CD1171B9EB5C50030BCBD /* main.m in Sources */ = {isa = PBXBuildFile; fileRef = 160CD1161B9EB5C50030BCBD /* main.m */; };
		160CD11A1B9EB5C50030BCBD /* AppDelegate.m in Sources */ = {isa = PBXBuildFile; fileRef = 160CD1191B9EB5C50030BCBD /* AppDelegate.m */; };
		160CD11D1B9EB5C50030BCBD /* ViewController.m in Sources */ = {isa = PBXBuildFile; fileRef = 160CD11C1B9EB5C50030BCBD /* ViewController.m */; };
		160CD1201B9EB5C50030BCBD /* Main.storyboard in Resources */ = {isa = PBXBuildFile; fileRef = 160CD11E1B9EB5C50030BCBD /* Main.storyboard */; };
		160CD1221B9EB5C60030BCBD /* Images.xcassets in Resources */ = {isa = PBXBuildFile; fileRef = 160CD1211B9EB5C60030BCBD /* Images.xcassets */; };
		160CD1251B9EB5C60030BCBD /* LaunchScreen.xib in Resources */ = {isa = PBXBuildFile; fileRef = 160CD1231B9EB5C60030BCBD /* LaunchScreen.xib */; };
		160CD1311B9EB5C60030BCBD /* TimWeddingTests.m in Sources */ = {isa = PBXBuildFile; fileRef = 160CD1301B9EB5C60030BCBD /* TimWeddingTests.m */; };
		160CD13F1B9EB6D40030BCBD /* PMViewController.m in Sources */ = {isa = PBXBuildFile; fileRef = 160CD13E1B9EB6D40030BCBD /* PMViewController.m */; };
		16A789291BA87DB600F21AC0 /* PMMessageVC.m in Sources */ = {isa = PBXBuildFile; fileRef = 16A789281BA87DB600F21AC0 /* PMMessageVC.m */; };
		16C3AB661BA54DB8001D26C9 /* PMFeedVC.m in Sources */ = {isa = PBXBuildFile; fileRef = 16C3AB651BA54DB8001D26C9 /* PMFeedVC.m */; };
		16C3AB6D1BA5506F001D26C9 /* PMFeedCell.m in Sources */ = {isa = PBXBuildFile; fileRef = 16C3AB6B1BA5506F001D26C9 /* PMFeedCell.m */; };
		16C3AB6E1BA5506F001D26C9 /* PMFeedCell.xib in Resources */ = {isa = PBXBuildFile; fileRef = 16C3AB6C1BA5506F001D26C9 /* PMFeedCell.xib */; };
		16C3AB711BA5570B001D26C9 /* PMSelectPhotoVC.m in Sources */ = {isa = PBXBuildFile; fileRef = 16C3AB701BA5570B001D26C9 /* PMSelectPhotoVC.m */; };
		16C3AB751BA5955A001D26C9 /* AudioToolbox.framework in Frameworks */ = {isa = PBXBuildFile; fileRef = 16C3AB741BA5955A001D26C9 /* AudioToolbox.framework */; };
		16C3AB771BA59565001D26C9 /* CFNetwork.framework in Frameworks */ = {isa = PBXBuildFile; fileRef = 16C3AB761BA59565001D26C9 /* CFNetwork.framework */; };
		16C3AB791BA59579001D26C9 /* CoreGraphics.framework in Frameworks */ = {isa = PBXBuildFile; fileRef = 16C3AB781BA59579001D26C9 /* CoreGraphics.framework */; };
		16C3AB7B1BA59584001D26C9 /* CoreLocation.framework in Frameworks */ = {isa = PBXBuildFile; fileRef = 16C3AB7A1BA59584001D26C9 /* CoreLocation.framework */; };
		16C3AB7D1BA59594001D26C9 /* QuartzCore.framework in Frameworks */ = {isa = PBXBuildFile; fileRef = 16C3AB7C1BA59594001D26C9 /* QuartzCore.framework */; };
		16C3AB7F1BA595A0001D26C9 /* Security.framework in Frameworks */ = {isa = PBXBuildFile; fileRef = 16C3AB7E1BA595A0001D26C9 /* Security.framework */; };
		16C3AB811BA595AE001D26C9 /* StoreKit.framework in Frameworks */ = {isa = PBXBuildFile; fileRef = 16C3AB801BA595AE001D26C9 /* StoreKit.framework */; };
		16C3AB831BA595B8001D26C9 /* SystemConfiguration.framework in Frameworks */ = {isa = PBXBuildFile; fileRef = 16C3AB821BA595B8001D26C9 /* SystemConfiguration.framework */; };
		16C3AB851BA595C3001D26C9 /* libz.dylib in Frameworks */ = {isa = PBXBuildFile; fileRef = 16C3AB841BA595C3001D26C9 /* libz.dylib */; };
		16C3AB871BA595D6001D26C9 /* libsqlite3.dylib in Frameworks */ = {isa = PBXBuildFile; fileRef = 16C3AB861BA595D6001D26C9 /* libsqlite3.dylib */; };
		16C792CF1B9F541000E8A417 /* 3.jpg in Resources */ = {isa = PBXBuildFile; fileRef = 16C792CE1B9F541000E8A417 /* 3.jpg */; };
		16C792D81B9F58A400E8A417 /* 0.jpg in Resources */ = {isa = PBXBuildFile; fileRef = 16C792D01B9F58A400E8A417 /* 0.jpg */; };
		16C792D91B9F58A400E8A417 /* 1.jpg in Resources */ = {isa = PBXBuildFile; fileRef = 16C792D11B9F58A400E8A417 /* 1.jpg */; };
		16C792DA1B9F58A400E8A417 /* 2.jpg in Resources */ = {isa = PBXBuildFile; fileRef = 16C792D21B9F58A400E8A417 /* 2.jpg */; };
		16C792DB1B9F58A400E8A417 /* 4.jpg in Resources */ = {isa = PBXBuildFile; fileRef = 16C792D31B9F58A400E8A417 /* 4.jpg */; };
		16C792DC1B9F58A400E8A417 /* 5.jpg in Resources */ = {isa = PBXBuildFile; fileRef = 16C792D41B9F58A400E8A417 /* 5.jpg */; };
		16C792DD1B9F58A400E8A417 /* 6.jpg in Resources */ = {isa = PBXBuildFile; fileRef = 16C792D51B9F58A400E8A417 /* 6.jpg */; };
		16C792DE1B9F58A400E8A417 /* 7.jpg in Resources */ = {isa = PBXBuildFile; fileRef = 16C792D61B9F58A400E8A417 /* 7.jpg */; };
		16C792DF1B9F58A400E8A417 /* 8.jpg in Resources */ = {isa = PBXBuildFile; fileRef = 16C792D71B9F58A400E8A417 /* 8.jpg */; };
		16DE494F1BA72CE50085D87B /* NSString+Hash.m in Sources */ = {isa = PBXBuildFile; fileRef = 16DE494E1BA72CE50085D87B /* NSString+Hash.m */; };
		16DE49521BA72EFE0085D87B /* PMUtility.m in Sources */ = {isa = PBXBuildFile; fileRef = 16DE49511BA72EFE0085D87B /* PMUtility.m */; };
		16E244411BAAF7ED002363EE /* PMMessageCell.m in Sources */ = {isa = PBXBuildFile; fileRef = 16E2443F1BAAF7ED002363EE /* PMMessageCell.m */; };
		16E244421BAAF7ED002363EE /* PMMessageCell.xib in Resources */ = {isa = PBXBuildFile; fileRef = 16E244401BAAF7ED002363EE /* PMMessageCell.xib */; };
		3C0B20B961E44A869C309C36 /* libPods.a in Frameworks */ = {isa = PBXBuildFile; fileRef = 8591FB51B9254696B108EEE8 /* libPods.a */; };
/* End PBXBuildFile section */

/* Begin PBXContainerItemProxy section */
		160CD12B1B9EB5C60030BCBD /* PBXContainerItemProxy */ = {
			isa = PBXContainerItemProxy;
			containerPortal = 160CD1091B9EB5C50030BCBD /* Project object */;
			proxyType = 1;
			remoteGlobalIDString = 160CD1101B9EB5C50030BCBD;
			remoteInfo = TimWedding;
		};
/* End PBXContainerItemProxy section */

/* Begin PBXFileReference section */
		1605A84B1B9F0F5B0089707F /* PMRootVC.h */ = {isa = PBXFileReference; fileEncoding = 4; lastKnownFileType = sourcecode.c.h; path = PMRootVC.h; sourceTree = "<group>"; };
		1605A84C1B9F0F5C0089707F /* PMRootVC.m */ = {isa = PBXFileReference; fileEncoding = 4; lastKnownFileType = sourcecode.c.objc; path = PMRootVC.m; sourceTree = "<group>"; };
		1605A84D1B9F0F5C0089707F /* PMRootVC.xib */ = {isa = PBXFileReference; fileEncoding = 4; lastKnownFileType = file.xib; path = PMRootVC.xib; sourceTree = "<group>"; };
		1605A8501B9F0F9C0089707F /* MediaPlayer.framework */ = {isa = PBXFileReference; lastKnownFileType = wrapper.framework; name = MediaPlayer.framework; path = System/Library/Frameworks/MediaPlayer.framework; sourceTree = SDKROOT; };
		1605A8541B9F18B90089707F /* jc-4501.jpg */ = {isa = PBXFileReference; lastKnownFileType = image.jpeg; path = "jc-4501.jpg"; sourceTree = "<group>"; };
		1605A8551B9F18B90089707F /* video.mp4 */ = {isa = PBXFileReference; lastKnownFileType = file; path = video.mp4; sourceTree = "<group>"; };
		1605A8581B9F1DC30089707F /* PMVideoMainVC.h */ = {isa = PBXFileReference; fileEncoding = 4; lastKnownFileType = sourcecode.c.h; path = PMVideoMainVC.h; sourceTree = "<group>"; };
		1605A8591B9F1DC30089707F /* PMVideoMainVC.m */ = {isa = PBXFileReference; fileEncoding = 4; lastKnownFileType = sourcecode.c.objc; path = PMVideoMainVC.m; sourceTree = "<group>"; };
		16091B621BA1CF5A00F6274A /* PhotoList.plist */ = {isa = PBXFileReference; fileEncoding = 4; lastKnownFileType = text.plist.xml; path = PhotoList.plist; sourceTree = "<group>"; };
		16091B641BA1D07100F6274A /* PMPhotoVC.h */ = {isa = PBXFileReference; fileEncoding = 4; lastKnownFileType = sourcecode.c.h; path = PMPhotoVC.h; sourceTree = "<group>"; };
		16091B651BA1D07100F6274A /* PMPhotoVC.m */ = {isa = PBXFileReference; fileEncoding = 4; lastKnownFileType = sourcecode.c.objc; path = PMPhotoVC.m; sourceTree = "<group>"; };
		16091B681BA1D37F00F6274A /* PMConfig.h */ = {isa = PBXFileReference; lastKnownFileType = sourcecode.c.h; path = PMConfig.h; sourceTree = "<group>"; };
		16091B6A1BA1D47900F6274A /* TimWedding.pch */ = {isa = PBXFileReference; fileEncoding = 4; lastKnownFileType = sourcecode.c.h; path = TimWedding.pch; sourceTree = "<group>"; };
		16091B6B1BA1E24400F6274A /* PMPhotoCell.h */ = {isa = PBXFileReference; fileEncoding = 4; lastKnownFileType = sourcecode.c.h; path = PMPhotoCell.h; sourceTree = "<group>"; };
		16091B6C1BA1E24400F6274A /* PMPhotoCell.m */ = {isa = PBXFileReference; fileEncoding = 4; lastKnownFileType = sourcecode.c.objc; path = PMPhotoCell.m; sourceTree = "<group>"; };
		16091B701BA1EB9600F6274A /* IDMCaptionView.h */ = {isa = PBXFileReference; fileEncoding = 4; lastKnownFileType = sourcecode.c.h; path = IDMCaptionView.h; sourceTree = "<group>"; };
		16091B711BA1EB9600F6274A /* IDMCaptionView.m */ = {isa = PBXFileReference; fileEncoding = 4; lastKnownFileType = sourcecode.c.objc; path = IDMCaptionView.m; sourceTree = "<group>"; };
		16091B721BA1EB9600F6274A /* IDMPBConstants.h */ = {isa = PBXFileReference; fileEncoding = 4; lastKnownFileType = sourcecode.c.h; path = IDMPBConstants.h; sourceTree = "<group>"; };
		16091B731BA1EB9600F6274A /* IDMPBLocalizations.bundle */ = {isa = PBXFileReference; lastKnownFileType = "wrapper.plug-in"; path = IDMPBLocalizations.bundle; sourceTree = "<group>"; };
		16091B741BA1EB9600F6274A /* IDMPhoto.h */ = {isa = PBXFileReference; fileEncoding = 4; lastKnownFileType = sourcecode.c.h; path = IDMPhoto.h; sourceTree = "<group>"; };
		16091B751BA1EB9600F6274A /* IDMPhoto.m */ = {isa = PBXFileReference; fileEncoding = 4; lastKnownFileType = sourcecode.c.objc; path = IDMPhoto.m; sourceTree = "<group>"; };
		16091B761BA1EB9600F6274A /* IDMPhotoBrowser.bundle */ = {isa = PBXFileReference; lastKnownFileType = "wrapper.plug-in"; path = IDMPhotoBrowser.bundle; sourceTree = "<group>"; };
		16091B771BA1EB9600F6274A /* IDMPhotoBrowser.h */ = {isa = PBXFileReference; fileEncoding = 4; lastKnownFileType = sourcecode.c.h; path = IDMPhotoBrowser.h; sourceTree = "<group>"; };
		16091B781BA1EB9600F6274A /* IDMPhotoBrowser.m */ = {isa = PBXFileReference; fileEncoding = 4; lastKnownFileType = sourcecode.c.objc; path = IDMPhotoBrowser.m; sourceTree = "<group>"; };
		16091B791BA1EB9600F6274A /* IDMPhotoProtocol.h */ = {isa = PBXFileReference; fileEncoding = 4; lastKnownFileType = sourcecode.c.h; path = IDMPhotoProtocol.h; sourceTree = "<group>"; };
		16091B7A1BA1EB9600F6274A /* IDMTapDetectingImageView.h */ = {isa = PBXFileReference; fileEncoding = 4; lastKnownFileType = sourcecode.c.h; path = IDMTapDetectingImageView.h; sourceTree = "<group>"; };
		16091B7B1BA1EB9600F6274A /* IDMTapDetectingImageView.m */ = {isa = PBXFileReference; fileEncoding = 4; lastKnownFileType = sourcecode.c.objc; path = IDMTapDetectingImageView.m; sourceTree = "<group>"; };
		16091B7C1BA1EB9600F6274A /* IDMTapDetectingView.h */ = {isa = PBXFileReference; fileEncoding = 4; lastKnownFileType = sourcecode.c.h; path = IDMTapDetectingView.h; sourceTree = "<group>"; };
		16091B7D1BA1EB9600F6274A /* IDMTapDetectingView.m */ = {isa = PBXFileReference; fileEncoding = 4; lastKnownFileType = sourcecode.c.objc; path = IDMTapDetectingView.m; sourceTree = "<group>"; };
		16091B7E1BA1EB9600F6274A /* IDMZoomingScrollView.h */ = {isa = PBXFileReference; fileEncoding = 4; lastKnownFileType = sourcecode.c.h; path = IDMZoomingScrollView.h; sourceTree = "<group>"; };
		16091B7F1BA1EB9600F6274A /* IDMZoomingScrollView.m */ = {isa = PBXFileReference; fileEncoding = 4; lastKnownFileType = sourcecode.c.objc; path = IDMZoomingScrollView.m; sourceTree = "<group>"; };
		160CD1111B9EB5C50030BCBD /* TimWedding.app */ = {isa = PBXFileReference; explicitFileType = wrapper.application; includeInIndex = 0; path = TimWedding.app; sourceTree = BUILT_PRODUCTS_DIR; };
		160CD1151B9EB5C50030BCBD /* Info.plist */ = {isa = PBXFileReference; lastKnownFileType = text.plist.xml; path = Info.plist; sourceTree = "<group>"; };
		160CD1161B9EB5C50030BCBD /* main.m */ = {isa = PBXFileReference; lastKnownFileType = sourcecode.c.objc; path = main.m; sourceTree = "<group>"; };
		160CD1181B9EB5C50030BCBD /* AppDelegate.h */ = {isa = PBXFileReference; lastKnownFileType = sourcecode.c.h; path = AppDelegate.h; sourceTree = "<group>"; };
		160CD1191B9EB5C50030BCBD /* AppDelegate.m */ = {isa = PBXFileReference; lastKnownFileType = sourcecode.c.objc; path = AppDelegate.m; sourceTree = "<group>"; };
		160CD11B1B9EB5C50030BCBD /* ViewController.h */ = {isa = PBXFileReference; lastKnownFileType = sourcecode.c.h; path = ViewController.h; sourceTree = "<group>"; };
		160CD11C1B9EB5C50030BCBD /* ViewController.m */ = {isa = PBXFileReference; lastKnownFileType = sourcecode.c.objc; path = ViewController.m; sourceTree = "<group>"; };
		160CD11F1B9EB5C50030BCBD /* Base */ = {isa = PBXFileReference; lastKnownFileType = file.storyboard; name = Base; path = Base.lproj/Main.storyboard; sourceTree = "<group>"; };
		160CD1211B9EB5C60030BCBD /* Images.xcassets */ = {isa = PBXFileReference; lastKnownFileType = folder.assetcatalog; path = Images.xcassets; sourceTree = "<group>"; };
		160CD1241B9EB5C60030BCBD /* Base */ = {isa = PBXFileReference; lastKnownFileType = file.xib; name = Base; path = Base.lproj/LaunchScreen.xib; sourceTree = "<group>"; };
		160CD12A1B9EB5C60030BCBD /* TimWeddingTests.xctest */ = {isa = PBXFileReference; explicitFileType = wrapper.cfbundle; includeInIndex = 0; path = TimWeddingTests.xctest; sourceTree = BUILT_PRODUCTS_DIR; };
		160CD12F1B9EB5C60030BCBD /* Info.plist */ = {isa = PBXFileReference; lastKnownFileType = text.plist.xml; path = Info.plist; sourceTree = "<group>"; };
		160CD1301B9EB5C60030BCBD /* TimWeddingTests.m */ = {isa = PBXFileReference; lastKnownFileType = sourcecode.c.objc; path = TimWeddingTests.m; sourceTree = "<group>"; };
		160CD13D1B9EB6D40030BCBD /* PMViewController.h */ = {isa = PBXFileReference; fileEncoding = 4; lastKnownFileType = sourcecode.c.h; path = PMViewController.h; sourceTree = "<group>"; };
		160CD13E1B9EB6D40030BCBD /* PMViewController.m */ = {isa = PBXFileReference; fileEncoding = 4; lastKnownFileType = sourcecode.c.objc; path = PMViewController.m; sourceTree = "<group>"; };
		16A789271BA87DB600F21AC0 /* PMMessageVC.h */ = {isa = PBXFileReference; fileEncoding = 4; lastKnownFileType = sourcecode.c.h; path = PMMessageVC.h; sourceTree = "<group>"; };
		16A789281BA87DB600F21AC0 /* PMMessageVC.m */ = {isa = PBXFileReference; fileEncoding = 4; lastKnownFileType = sourcecode.c.objc; path = PMMessageVC.m; sourceTree = "<group>"; };
		16C3AB641BA54DB8001D26C9 /* PMFeedVC.h */ = {isa = PBXFileReference; fileEncoding = 4; lastKnownFileType = sourcecode.c.h; path = PMFeedVC.h; sourceTree = "<group>"; };
		16C3AB651BA54DB8001D26C9 /* PMFeedVC.m */ = {isa = PBXFileReference; fileEncoding = 4; lastKnownFileType = sourcecode.c.objc; path = PMFeedVC.m; sourceTree = "<group>"; };
		16C3AB6A1BA5506F001D26C9 /* PMFeedCell.h */ = {isa = PBXFileReference; fileEncoding = 4; lastKnownFileType = sourcecode.c.h; path = PMFeedCell.h; sourceTree = "<group>"; };
		16C3AB6B1BA5506F001D26C9 /* PMFeedCell.m */ = {isa = PBXFileReference; fileEncoding = 4; lastKnownFileType = sourcecode.c.objc; path = PMFeedCell.m; sourceTree = "<group>"; };
		16C3AB6C1BA5506F001D26C9 /* PMFeedCell.xib */ = {isa = PBXFileReference; fileEncoding = 4; lastKnownFileType = file.xib; path = PMFeedCell.xib; sourceTree = "<group>"; };
		16C3AB6F1BA5570B001D26C9 /* PMSelectPhotoVC.h */ = {isa = PBXFileReference; fileEncoding = 4; lastKnownFileType = sourcecode.c.h; path = PMSelectPhotoVC.h; sourceTree = "<group>"; };
		16C3AB701BA5570B001D26C9 /* PMSelectPhotoVC.m */ = {isa = PBXFileReference; fileEncoding = 4; lastKnownFileType = sourcecode.c.objc; path = PMSelectPhotoVC.m; sourceTree = "<group>"; };
		16C3AB721BA55CF7001D26C9 /* zh-Hant */ = {isa = PBXFileReference; lastKnownFileType = text.plist.strings; name = "zh-Hant"; path = "zh-Hant.lproj/Main.strings"; sourceTree = "<group>"; };
		16C3AB731BA55CF7001D26C9 /* zh-Hant */ = {isa = PBXFileReference; lastKnownFileType = text.plist.strings; name = "zh-Hant"; path = "zh-Hant.lproj/LaunchScreen.strings"; sourceTree = "<group>"; };
		16C3AB741BA5955A001D26C9 /* AudioToolbox.framework */ = {isa = PBXFileReference; lastKnownFileType = wrapper.framework; name = AudioToolbox.framework; path = System/Library/Frameworks/AudioToolbox.framework; sourceTree = SDKROOT; };
		16C3AB761BA59565001D26C9 /* CFNetwork.framework */ = {isa = PBXFileReference; lastKnownFileType = wrapper.framework; name = CFNetwork.framework; path = System/Library/Frameworks/CFNetwork.framework; sourceTree = SDKROOT; };
		16C3AB781BA59579001D26C9 /* CoreGraphics.framework */ = {isa = PBXFileReference; lastKnownFileType = wrapper.framework; name = CoreGraphics.framework; path = System/Library/Frameworks/CoreGraphics.framework; sourceTree = SDKROOT; };
		16C3AB7A1BA59584001D26C9 /* CoreLocation.framework */ = {isa = PBXFileReference; lastKnownFileType = wrapper.framework; name = CoreLocation.framework; path = System/Library/Frameworks/CoreLocation.framework; sourceTree = SDKROOT; };
		16C3AB7C1BA59594001D26C9 /* QuartzCore.framework */ = {isa = PBXFileReference; lastKnownFileType = wrapper.framework; name = QuartzCore.framework; path = System/Library/Frameworks/QuartzCore.framework; sourceTree = SDKROOT; };
		16C3AB7E1BA595A0001D26C9 /* Security.framework */ = {isa = PBXFileReference; lastKnownFileType = wrapper.framework; name = Security.framework; path = System/Library/Frameworks/Security.framework; sourceTree = SDKROOT; };
		16C3AB801BA595AE001D26C9 /* StoreKit.framework */ = {isa = PBXFileReference; lastKnownFileType = wrapper.framework; name = StoreKit.framework; path = System/Library/Frameworks/StoreKit.framework; sourceTree = SDKROOT; };
		16C3AB821BA595B8001D26C9 /* SystemConfiguration.framework */ = {isa = PBXFileReference; lastKnownFileType = wrapper.framework; name = SystemConfiguration.framework; path = System/Library/Frameworks/SystemConfiguration.framework; sourceTree = SDKROOT; };
		16C3AB841BA595C3001D26C9 /* libz.dylib */ = {isa = PBXFileReference; lastKnownFileType = "compiled.mach-o.dylib"; name = libz.dylib; path = usr/lib/libz.dylib; sourceTree = SDKROOT; };
		16C3AB861BA595D6001D26C9 /* libsqlite3.dylib */ = {isa = PBXFileReference; lastKnownFileType = "compiled.mach-o.dylib"; name = libsqlite3.dylib; path = usr/lib/libsqlite3.dylib; sourceTree = SDKROOT; };
		16C792CE1B9F541000E8A417 /* 3.jpg */ = {isa = PBXFileReference; lastKnownFileType = image.jpeg; path = 3.jpg; sourceTree = "<group>"; };
		16C792D01B9F58A400E8A417 /* 0.jpg */ = {isa = PBXFileReference; lastKnownFileType = image.jpeg; path = 0.jpg; sourceTree = "<group>"; };
		16C792D11B9F58A400E8A417 /* 1.jpg */ = {isa = PBXFileReference; lastKnownFileType = image.jpeg; path = 1.jpg; sourceTree = "<group>"; };
		16C792D21B9F58A400E8A417 /* 2.jpg */ = {isa = PBXFileReference; lastKnownFileType = image.jpeg; path = 2.jpg; sourceTree = "<group>"; };
		16C792D31B9F58A400E8A417 /* 4.jpg */ = {isa = PBXFileReference; lastKnownFileType = image.jpeg; path = 4.jpg; sourceTree = "<group>"; };
		16C792D41B9F58A400E8A417 /* 5.jpg */ = {isa = PBXFileReference; lastKnownFileType = image.jpeg; path = 5.jpg; sourceTree = "<group>"; };
		16C792D51B9F58A400E8A417 /* 6.jpg */ = {isa = PBXFileReference; lastKnownFileType = image.jpeg; path = 6.jpg; sourceTree = "<group>"; };
		16C792D61B9F58A400E8A417 /* 7.jpg */ = {isa = PBXFileReference; lastKnownFileType = image.jpeg; path = 7.jpg; sourceTree = "<group>"; };
		16C792D71B9F58A400E8A417 /* 8.jpg */ = {isa = PBXFileReference; lastKnownFileType = image.jpeg; path = 8.jpg; sourceTree = "<group>"; };
		16DE494D1BA72CE50085D87B /* NSString+Hash.h */ = {isa = PBXFileReference; fileEncoding = 4; lastKnownFileType = sourcecode.c.h; path = "NSString+Hash.h"; sourceTree = "<group>"; };
		16DE494E1BA72CE50085D87B /* NSString+Hash.m */ = {isa = PBXFileReference; fileEncoding = 4; lastKnownFileType = sourcecode.c.objc; path = "NSString+Hash.m"; sourceTree = "<group>"; };
		16DE49501BA72EFE0085D87B /* PMUtility.h */ = {isa = PBXFileReference; fileEncoding = 4; lastKnownFileType = sourcecode.c.h; path = PMUtility.h; sourceTree = "<group>"; };
		16DE49511BA72EFE0085D87B /* PMUtility.m */ = {isa = PBXFileReference; fileEncoding = 4; lastKnownFileType = sourcecode.c.objc; path = PMUtility.m; sourceTree = "<group>"; };
		16E2443E1BAAF7ED002363EE /* PMMessageCell.h */ = {isa = PBXFileReference; fileEncoding = 4; lastKnownFileType = sourcecode.c.h; path = PMMessageCell.h; sourceTree = "<group>"; };
		16E2443F1BAAF7ED002363EE /* PMMessageCell.m */ = {isa = PBXFileReference; fileEncoding = 4; lastKnownFileType = sourcecode.c.objc; path = PMMessageCell.m; sourceTree = "<group>"; };
		16E244401BAAF7ED002363EE /* PMMessageCell.xib */ = {isa = PBXFileReference; fileEncoding = 4; lastKnownFileType = file.xib; path = PMMessageCell.xib; sourceTree = "<group>"; };
		8591FB51B9254696B108EEE8 /* libPods.a */ = {isa = PBXFileReference; explicitFileType = archive.ar; includeInIndex = 0; path = libPods.a; sourceTree = BUILT_PRODUCTS_DIR; };
		9F2D7FFAB37F4057B974A3D9 /* Pods.xcconfig */ = {isa = PBXFileReference; includeInIndex = 1; lastKnownFileType = text.xcconfig; name = Pods.xcconfig; path = Pods/Pods.xcconfig; sourceTree = "<group>"; };
/* End PBXFileReference section */

/* Begin PBXFrameworksBuildPhase section */
		160CD10E1B9EB5C50030BCBD /* Frameworks */ = {
			isa = PBXFrameworksBuildPhase;
			buildActionMask = 2147483647;
			files = (
				16C3AB871BA595D6001D26C9 /* libsqlite3.dylib in Frameworks */,
				16C3AB851BA595C3001D26C9 /* libz.dylib in Frameworks */,
				16C3AB831BA595B8001D26C9 /* SystemConfiguration.framework in Frameworks */,
				16C3AB811BA595AE001D26C9 /* StoreKit.framework in Frameworks */,
				16C3AB7F1BA595A0001D26C9 /* Security.framework in Frameworks */,
				16C3AB7D1BA59594001D26C9 /* QuartzCore.framework in Frameworks */,
				16C3AB7B1BA59584001D26C9 /* CoreLocation.framework in Frameworks */,
				16C3AB791BA59579001D26C9 /* CoreGraphics.framework in Frameworks */,
				16C3AB771BA59565001D26C9 /* CFNetwork.framework in Frameworks */,
				16C3AB751BA5955A001D26C9 /* AudioToolbox.framework in Frameworks */,
				1605A8511B9F0F9C0089707F /* MediaPlayer.framework in Frameworks */,
				3C0B20B961E44A869C309C36 /* libPods.a in Frameworks */,
			);
			runOnlyForDeploymentPostprocessing = 0;
		};
		160CD1271B9EB5C60030BCBD /* Frameworks */ = {
			isa = PBXFrameworksBuildPhase;
			buildActionMask = 2147483647;
			files = (
			);
			runOnlyForDeploymentPostprocessing = 0;
		};
/* End PBXFrameworksBuildPhase section */

/* Begin PBXGroup section */
		1605A8521B9F18B90089707F /* Resouces */ = {
			isa = PBXGroup;
			children = (
				16091B621BA1CF5A00F6274A /* PhotoList.plist */,
				1605A8531B9F18B90089707F /* images */,
				1605A8551B9F18B90089707F /* video.mp4 */,
			);
			path = Resouces;
			sourceTree = SOURCE_ROOT;
		};
		1605A8531B9F18B90089707F /* images */ = {
			isa = PBXGroup;
			children = (
				16C792D01B9F58A400E8A417 /* 0.jpg */,
				16C792D11B9F58A400E8A417 /* 1.jpg */,
				16C792D21B9F58A400E8A417 /* 2.jpg */,
				16C792CE1B9F541000E8A417 /* 3.jpg */,
				16C792D31B9F58A400E8A417 /* 4.jpg */,
				16C792D41B9F58A400E8A417 /* 5.jpg */,
				16C792D51B9F58A400E8A417 /* 6.jpg */,
				16C792D61B9F58A400E8A417 /* 7.jpg */,
				16C792D71B9F58A400E8A417 /* 8.jpg */,
				1605A8541B9F18B90089707F /* jc-4501.jpg */,
			);
			path = images;
			sourceTree = "<group>";
		};
		16091B6E1BA1EB9600F6274A /* 3rdParty */ = {
			isa = PBXGroup;
			children = (
				16091B6F1BA1EB9600F6274A /* IDMPhotoBrowser */,
			);
			path = 3rdParty;
			sourceTree = "<group>";
		};
		16091B6F1BA1EB9600F6274A /* IDMPhotoBrowser */ = {
			isa = PBXGroup;
			children = (
				16091B701BA1EB9600F6274A /* IDMCaptionView.h */,
				16091B711BA1EB9600F6274A /* IDMCaptionView.m */,
				16091B721BA1EB9600F6274A /* IDMPBConstants.h */,
				16091B731BA1EB9600F6274A /* IDMPBLocalizations.bundle */,
				16091B741BA1EB9600F6274A /* IDMPhoto.h */,
				16091B751BA1EB9600F6274A /* IDMPhoto.m */,
				16091B761BA1EB9600F6274A /* IDMPhotoBrowser.bundle */,
				16091B771BA1EB9600F6274A /* IDMPhotoBrowser.h */,
				16091B781BA1EB9600F6274A /* IDMPhotoBrowser.m */,
				16091B791BA1EB9600F6274A /* IDMPhotoProtocol.h */,
				16091B7A1BA1EB9600F6274A /* IDMTapDetectingImageView.h */,
				16091B7B1BA1EB9600F6274A /* IDMTapDetectingImageView.m */,
				16091B7C1BA1EB9600F6274A /* IDMTapDetectingView.h */,
				16091B7D1BA1EB9600F6274A /* IDMTapDetectingView.m */,
				16091B7E1BA1EB9600F6274A /* IDMZoomingScrollView.h */,
				16091B7F1BA1EB9600F6274A /* IDMZoomingScrollView.m */,
			);
			path = IDMPhotoBrowser;
			sourceTree = "<group>";
		};
		160CD1081B9EB5C50030BCBD = {
			isa = PBXGroup;
			children = (
				1605A8501B9F0F9C0089707F /* MediaPlayer.framework */,
				160CD1131B9EB5C50030BCBD /* TimWedding */,
				160CD12D1B9EB5C60030BCBD /* TimWeddingTests */,
				160CD1121B9EB5C50030BCBD /* Products */,
				9F2D7FFAB37F4057B974A3D9 /* Pods.xcconfig */,
				B98387E83093412CB45ED5D5 /* Frameworks */,
			);
			sourceTree = "<group>";
		};
		160CD1121B9EB5C50030BCBD /* Products */ = {
			isa = PBXGroup;
			children = (
				160CD1111B9EB5C50030BCBD /* TimWedding.app */,
				160CD12A1B9EB5C60030BCBD /* TimWeddingTests.xctest */,
			);
			name = Products;
			sourceTree = "<group>";
		};
		160CD1131B9EB5C50030BCBD /* TimWedding */ = {
			isa = PBXGroup;
			children = (
				16091B6E1BA1EB9600F6274A /* 3rdParty */,
				160CD1181B9EB5C50030BCBD /* AppDelegate.h */,
				160CD1191B9EB5C50030BCBD /* AppDelegate.m */,
				160CD11B1B9EB5C50030BCBD /* ViewController.h */,
				160CD11C1B9EB5C50030BCBD /* ViewController.m */,
				16DE494D1BA72CE50085D87B /* NSString+Hash.h */,
				16DE494E1BA72CE50085D87B /* NSString+Hash.m */,
				16DE49501BA72EFE0085D87B /* PMUtility.h */,
				16DE49511BA72EFE0085D87B /* PMUtility.m */,
				1605A84B1B9F0F5B0089707F /* PMRootVC.h */,
				1605A84C1B9F0F5C0089707F /* PMRootVC.m */,
				1605A84D1B9F0F5C0089707F /* PMRootVC.xib */,
				160CD13D1B9EB6D40030BCBD /* PMViewController.h */,
				160CD13E1B9EB6D40030BCBD /* PMViewController.m */,
				1605A8581B9F1DC30089707F /* PMVideoMainVC.h */,
				1605A8591B9F1DC30089707F /* PMVideoMainVC.m */,
				16091B641BA1D07100F6274A /* PMPhotoVC.h */,
				16091B651BA1D07100F6274A /* PMPhotoVC.m */,
				16091B6B1BA1E24400F6274A /* PMPhotoCell.h */,
				16091B6C1BA1E24400F6274A /* PMPhotoCell.m */,
				16C3AB641BA54DB8001D26C9 /* PMFeedVC.h */,
				16C3AB651BA54DB8001D26C9 /* PMFeedVC.m */,
				16C3AB6A1BA5506F001D26C9 /* PMFeedCell.h */,
				16C3AB6B1BA5506F001D26C9 /* PMFeedCell.m */,
				16C3AB6C1BA5506F001D26C9 /* PMFeedCell.xib */,
				16C3AB6F1BA5570B001D26C9 /* PMSelectPhotoVC.h */,
				16C3AB701BA5570B001D26C9 /* PMSelectPhotoVC.m */,
				16A789271BA87DB600F21AC0 /* PMMessageVC.h */,
				16A789281BA87DB600F21AC0 /* PMMessageVC.m */,
				16E2443E1BAAF7ED002363EE /* PMMessageCell.h */,
				16E2443F1BAAF7ED002363EE /* PMMessageCell.m */,
				16E244401BAAF7ED002363EE /* PMMessageCell.xib */,
				160CD11E1B9EB5C50030BCBD /* Main.storyboard */,
				16091B681BA1D37F00F6274A /* PMConfig.h */,
				16091B6A1BA1D47900F6274A /* TimWedding.pch */,
				160CD1211B9EB5C60030BCBD /* Images.xcassets */,
				160CD1231B9EB5C60030BCBD /* LaunchScreen.xib */,
				160CD1141B9EB5C50030BCBD /* Supporting Files */,
			);
			path = TimWedding;
			sourceTree = "<group>";
		};
		160CD1141B9EB5C50030BCBD /* Supporting Files */ = {
			isa = PBXGroup;
			children = (
				1605A8521B9F18B90089707F /* Resouces */,
				160CD1151B9EB5C50030BCBD /* Info.plist */,
				160CD1161B9EB5C50030BCBD /* main.m */,
			);
			name = "Supporting Files";
			sourceTree = "<group>";
		};
		160CD12D1B9EB5C60030BCBD /* TimWeddingTests */ = {
			isa = PBXGroup;
			children = (
				160CD1301B9EB5C60030BCBD /* TimWeddingTests.m */,
				160CD12E1B9EB5C60030BCBD /* Supporting Files */,
			);
			path = TimWeddingTests;
			sourceTree = "<group>";
		};
		160CD12E1B9EB5C60030BCBD /* Supporting Files */ = {
			isa = PBXGroup;
			children = (
				160CD12F1B9EB5C60030BCBD /* Info.plist */,
			);
			name = "Supporting Files";
			sourceTree = "<group>";
		};
		B98387E83093412CB45ED5D5 /* Frameworks */ = {
			isa = PBXGroup;
			children = (
				16C3AB861BA595D6001D26C9 /* libsqlite3.dylib */,
				16C3AB841BA595C3001D26C9 /* libz.dylib */,
				16C3AB821BA595B8001D26C9 /* SystemConfiguration.framework */,
				16C3AB801BA595AE001D26C9 /* StoreKit.framework */,
				16C3AB7E1BA595A0001D26C9 /* Security.framework */,
				16C3AB7C1BA59594001D26C9 /* QuartzCore.framework */,
				16C3AB7A1BA59584001D26C9 /* CoreLocation.framework */,
				16C3AB781BA59579001D26C9 /* CoreGraphics.framework */,
				16C3AB761BA59565001D26C9 /* CFNetwork.framework */,
				16C3AB741BA5955A001D26C9 /* AudioToolbox.framework */,
				8591FB51B9254696B108EEE8 /* libPods.a */,
			);
			name = Frameworks;
			sourceTree = "<group>";
		};
/* End PBXGroup section */

/* Begin PBXNativeTarget section */
		160CD1101B9EB5C50030BCBD /* TimWedding */ = {
			isa = PBXNativeTarget;
			buildConfigurationList = 160CD1341B9EB5C60030BCBD /* Build configuration list for PBXNativeTarget "TimWedding" */;
			buildPhases = (
				87C987A48B6A40F9AECAE480 /* Check Pods Manifest.lock */,
				160CD10D1B9EB5C50030BCBD /* Sources */,
				160CD10E1B9EB5C50030BCBD /* Frameworks */,
				160CD10F1B9EB5C50030BCBD /* Resources */,
				9CED563B7C92459492ECA943 /* Copy Pods Resources */,
			);
			buildRules = (
			);
			dependencies = (
			);
			name = TimWedding;
			productName = TimWedding;
			productReference = 160CD1111B9EB5C50030BCBD /* TimWedding.app */;
			productType = "com.apple.product-type.application";
		};
		160CD1291B9EB5C60030BCBD /* TimWeddingTests */ = {
			isa = PBXNativeTarget;
			buildConfigurationList = 160CD1371B9EB5C60030BCBD /* Build configuration list for PBXNativeTarget "TimWeddingTests" */;
			buildPhases = (
				160CD1261B9EB5C60030BCBD /* Sources */,
				160CD1271B9EB5C60030BCBD /* Frameworks */,
				160CD1281B9EB5C60030BCBD /* Resources */,
			);
			buildRules = (
			);
			dependencies = (
				160CD12C1B9EB5C60030BCBD /* PBXTargetDependency */,
			);
			name = TimWeddingTests;
			productName = TimWeddingTests;
			productReference = 160CD12A1B9EB5C60030BCBD /* TimWeddingTests.xctest */;
			productType = "com.apple.product-type.bundle.unit-test";
		};
/* End PBXNativeTarget section */

/* Begin PBXProject section */
		160CD1091B9EB5C50030BCBD /* Project object */ = {
			isa = PBXProject;
			attributes = {
				CLASSPREFIX = PM;
				LastUpgradeCheck = 0640;
				ORGANIZATIONNAME = "Esu Tsai";
				TargetAttributes = {
					160CD1101B9EB5C50030BCBD = {
						CreatedOnToolsVersion = 6.4;
					};
					160CD1291B9EB5C60030BCBD = {
						CreatedOnToolsVersion = 6.4;
						TestTargetID = 160CD1101B9EB5C50030BCBD;
					};
				};
			};
			buildConfigurationList = 160CD10C1B9EB5C50030BCBD /* Build configuration list for PBXProject "TimWedding" */;
			compatibilityVersion = "Xcode 3.2";
			developmentRegion = English;
			hasScannedForEncodings = 0;
			knownRegions = (
				en,
				Base,
			);
			mainGroup = 160CD1081B9EB5C50030BCBD;
			productRefGroup = 160CD1121B9EB5C50030BCBD /* Products */;
			projectDirPath = "";
			projectRoot = "";
			targets = (
				160CD1101B9EB5C50030BCBD /* TimWedding */,
				160CD1291B9EB5C60030BCBD /* TimWeddingTests */,
			);
		};
/* End PBXProject section */

/* Begin PBXResourcesBuildPhase section */
		160CD10F1B9EB5C50030BCBD /* Resources */ = {
			isa = PBXResourcesBuildPhase;
			buildActionMask = 2147483647;
			files = (
				16E244421BAAF7ED002363EE /* PMMessageCell.xib in Resources */,
				16C792DF1B9F58A400E8A417 /* 8.jpg in Resources */,
				16C792DB1B9F58A400E8A417 /* 4.jpg in Resources */,
				160CD1201B9EB5C50030BCBD /* Main.storyboard in Resources */,
				16091B811BA1EB9600F6274A /* IDMPBLocalizations.bundle in Resources */,
				16C792DD1B9F58A400E8A417 /* 6.jpg in Resources */,
				16C792DE1B9F58A400E8A417 /* 7.jpg in Resources */,
				1605A8571B9F18B90089707F /* video.mp4 in Resources */,
				16C792DA1B9F58A400E8A417 /* 2.jpg in Resources */,
				16091B831BA1EB9600F6274A /* IDMPhotoBrowser.bundle in Resources */,
				1605A84F1B9F0F5C0089707F /* PMRootVC.xib in Resources */,
				1605A8561B9F18B90089707F /* jc-4501.jpg in Resources */,
				16C792D81B9F58A400E8A417 /* 0.jpg in Resources */,
				160CD1251B9EB5C60030BCBD /* LaunchScreen.xib in Resources */,
				16C3AB6E1BA5506F001D26C9 /* PMFeedCell.xib in Resources */,
				16C792D91B9F58A400E8A417 /* 1.jpg in Resources */,
				16C792DC1B9F58A400E8A417 /* 5.jpg in Resources */,
				16C792CF1B9F541000E8A417 /* 3.jpg in Resources */,
				160CD1221B9EB5C60030BCBD /* Images.xcassets in Resources */,
				16091B631BA1CF5A00F6274A /* PhotoList.plist in Resources */,
			);
			runOnlyForDeploymentPostprocessing = 0;
		};
		160CD1281B9EB5C60030BCBD /* Resources */ = {
			isa = PBXResourcesBuildPhase;
			buildActionMask = 2147483647;
			files = (
			);
			runOnlyForDeploymentPostprocessing = 0;
		};
/* End PBXResourcesBuildPhase section */

/* Begin PBXShellScriptBuildPhase section */
		87C987A48B6A40F9AECAE480 /* Check Pods Manifest.lock */ = {
			isa = PBXShellScriptBuildPhase;
			buildActionMask = 2147483647;
			files = (
			);
			inputPaths = (
			);
			name = "Check Pods Manifest.lock";
			outputPaths = (
			);
			runOnlyForDeploymentPostprocessing = 0;
			shellPath = /bin/sh;
			shellScript = "diff \"${PODS_ROOT}/../Podfile.lock\" \"${PODS_ROOT}/Manifest.lock\" > /dev/null\nif [[ $? != 0 ]] ; then\n    cat << EOM\nerror: The sandbox is not in sync with the Podfile.lock. Run 'pod install' or update your CocoaPods installation.\nEOM\n    exit 1\nfi\n";
			showEnvVarsInLog = 0;
		};
		9CED563B7C92459492ECA943 /* Copy Pods Resources */ = {
			isa = PBXShellScriptBuildPhase;
			buildActionMask = 2147483647;
			files = (
			);
			inputPaths = (
			);
			name = "Copy Pods Resources";
			outputPaths = (
			);
			runOnlyForDeploymentPostprocessing = 0;
			shellPath = /bin/sh;
			shellScript = "\"${SRCROOT}/Pods/Pods-resources.sh\"\n";
			showEnvVarsInLog = 0;
		};
/* End PBXShellScriptBuildPhase section */

/* Begin PBXSourcesBuildPhase section */
		160CD10D1B9EB5C50030BCBD /* Sources */ = {
			isa = PBXSourcesBuildPhase;
			buildActionMask = 2147483647;
			files = (
				16091B871BA1EB9600F6274A /* IDMZoomingScrollView.m in Sources */,
				160CD11D1B9EB5C50030BCBD /* ViewController.m in Sources */,
				16091B661BA1D07100F6274A /* PMPhotoVC.m in Sources */,
				16C3AB661BA54DB8001D26C9 /* PMFeedVC.m in Sources */,
				16091B841BA1EB9600F6274A /* IDMPhotoBrowser.m in Sources */,
				16DE49521BA72EFE0085D87B /* PMUtility.m in Sources */,
				160CD11A1B9EB5C50030BCBD /* AppDelegate.m in Sources */,
				16091B861BA1EB9600F6274A /* IDMTapDetectingView.m in Sources */,
				16C3AB711BA5570B001D26C9 /* PMSelectPhotoVC.m in Sources */,
				1605A85A1B9F1DC30089707F /* PMVideoMainVC.m in Sources */,
				16C3AB6D1BA5506F001D26C9 /* PMFeedCell.m in Sources */,
				16091B851BA1EB9600F6274A /* IDMTapDetectingImageView.m in Sources */,
				160CD1171B9EB5C50030BCBD /* main.m in Sources */,
				1605A84E1B9F0F5C0089707F /* PMRootVC.m in Sources */,
				16DE494F1BA72CE50085D87B /* NSString+Hash.m in Sources */,
				16E244411BAAF7ED002363EE /* PMMessageCell.m in Sources */,
				16A789291BA87DB600F21AC0 /* PMMessageVC.m in Sources */,
				16091B801BA1EB9600F6274A /* IDMCaptionView.m in Sources */,
				16091B821BA1EB9600F6274A /* IDMPhoto.m in Sources */,
				160CD13F1B9EB6D40030BCBD /* PMViewController.m in Sources */,
				16091B6D1BA1E24400F6274A /* PMPhotoCell.m in Sources */,
			);
			runOnlyForDeploymentPostprocessing = 0;
		};
		160CD1261B9EB5C60030BCBD /* Sources */ = {
			isa = PBXSourcesBuildPhase;
			buildActionMask = 2147483647;
			files = (
				160CD1311B9EB5C60030BCBD /* TimWeddingTests.m in Sources */,
			);
			runOnlyForDeploymentPostprocessing = 0;
		};
/* End PBXSourcesBuildPhase section */

/* Begin PBXTargetDependency section */
		160CD12C1B9EB5C60030BCBD /* PBXTargetDependency */ = {
			isa = PBXTargetDependency;
			target = 160CD1101B9EB5C50030BCBD /* TimWedding */;
			targetProxy = 160CD12B1B9EB5C60030BCBD /* PBXContainerItemProxy */;
		};
/* End PBXTargetDependency section */

/* Begin PBXVariantGroup section */
		160CD11E1B9EB5C50030BCBD /* Main.storyboard */ = {
			isa = PBXVariantGroup;
			children = (
				160CD11F1B9EB5C50030BCBD /* Base */,
				16C3AB721BA55CF7001D26C9 /* zh-Hant */,
			);
			name = Main.storyboard;
			sourceTree = "<group>";
		};
		160CD1231B9EB5C60030BCBD /* LaunchScreen.xib */ = {
			isa = PBXVariantGroup;
			children = (
				160CD1241B9EB5C60030BCBD /* Base */,
				16C3AB731BA55CF7001D26C9 /* zh-Hant */,
			);
			name = LaunchScreen.xib;
			sourceTree = "<group>";
		};
/* End PBXVariantGroup section */

/* Begin XCBuildConfiguration section */
		160CD1321B9EB5C60030BCBD /* Debug */ = {
			isa = XCBuildConfiguration;
			buildSettings = {
				ALWAYS_SEARCH_USER_PATHS = NO;
				CLANG_CXX_LANGUAGE_STANDARD = "gnu++0x";
				CLANG_CXX_LIBRARY = "libc++";
				CLANG_ENABLE_MODULES = YES;
				CLANG_ENABLE_OBJC_ARC = YES;
				CLANG_WARN_BOOL_CONVERSION = YES;
				CLANG_WARN_CONSTANT_CONVERSION = YES;
				CLANG_WARN_DIRECT_OBJC_ISA_USAGE = YES_ERROR;
				CLANG_WARN_EMPTY_BODY = YES;
				CLANG_WARN_ENUM_CONVERSION = YES;
				CLANG_WARN_INT_CONVERSION = YES;
				CLANG_WARN_OBJC_ROOT_CLASS = YES_ERROR;
				CLANG_WARN_UNREACHABLE_CODE = YES;
				CLANG_WARN__DUPLICATE_METHOD_MATCH = YES;
				"CODE_SIGN_IDENTITY[sdk=iphoneos*]" = "iPhone Developer";
				COPY_PHASE_STRIP = NO;
				DEBUG_INFORMATION_FORMAT = "dwarf-with-dsym";
				ENABLE_STRICT_OBJC_MSGSEND = YES;
				GCC_C_LANGUAGE_STANDARD = gnu99;
				GCC_DYNAMIC_NO_PIC = NO;
				GCC_NO_COMMON_BLOCKS = YES;
				GCC_OPTIMIZATION_LEVEL = 0;
				GCC_PREPROCESSOR_DEFINITIONS = (
					"DEBUG=1",
					"$(inherited)",
				);
				GCC_SYMBOLS_PRIVATE_EXTERN = NO;
				GCC_WARN_64_TO_32_BIT_CONVERSION = YES;
				GCC_WARN_ABOUT_RETURN_TYPE = YES_ERROR;
				GCC_WARN_UNDECLARED_SELECTOR = YES;
				GCC_WARN_UNINITIALIZED_AUTOS = YES_AGGRESSIVE;
				GCC_WARN_UNUSED_FUNCTION = YES;
				GCC_WARN_UNUSED_VARIABLE = YES;
				IPHONEOS_DEPLOYMENT_TARGET = 8.4;
				MTL_ENABLE_DEBUG_INFO = YES;
				ONLY_ACTIVE_ARCH = YES;
				SDKROOT = iphoneos;
			};
			name = Debug;
		};
		160CD1331B9EB5C60030BCBD /* Release */ = {
			isa = XCBuildConfiguration;
			buildSettings = {
				ALWAYS_SEARCH_USER_PATHS = NO;
				CLANG_CXX_LANGUAGE_STANDARD = "gnu++0x";
				CLANG_CXX_LIBRARY = "libc++";
				CLANG_ENABLE_MODULES = YES;
				CLANG_ENABLE_OBJC_ARC = YES;
				CLANG_WARN_BOOL_CONVERSION = YES;
				CLANG_WARN_CONSTANT_CONVERSION = YES;
				CLANG_WARN_DIRECT_OBJC_ISA_USAGE = YES_ERROR;
				CLANG_WARN_EMPTY_BODY = YES;
				CLANG_WARN_ENUM_CONVERSION = YES;
				CLANG_WARN_INT_CONVERSION = YES;
				CLANG_WARN_OBJC_ROOT_CLASS = YES_ERROR;
				CLANG_WARN_UNREACHABLE_CODE = YES;
				CLANG_WARN__DUPLICATE_METHOD_MATCH = YES;
				"CODE_SIGN_IDENTITY[sdk=iphoneos*]" = "iPhone Developer";
				COPY_PHASE_STRIP = NO;
				DEBUG_INFORMATION_FORMAT = "dwarf-with-dsym";
				ENABLE_NS_ASSERTIONS = NO;
				ENABLE_STRICT_OBJC_MSGSEND = YES;
				GCC_C_LANGUAGE_STANDARD = gnu99;
				GCC_NO_COMMON_BLOCKS = YES;
				GCC_WARN_64_TO_32_BIT_CONVERSION = YES;
				GCC_WARN_ABOUT_RETURN_TYPE = YES_ERROR;
				GCC_WARN_UNDECLARED_SELECTOR = YES;
				GCC_WARN_UNINITIALIZED_AUTOS = YES_AGGRESSIVE;
				GCC_WARN_UNUSED_FUNCTION = YES;
				GCC_WARN_UNUSED_VARIABLE = YES;
				IPHONEOS_DEPLOYMENT_TARGET = 8.4;
				MTL_ENABLE_DEBUG_INFO = NO;
				SDKROOT = iphoneos;
				VALIDATE_PRODUCT = YES;
			};
			name = Release;
		};
		160CD1351B9EB5C60030BCBD /* Debug */ = {
			isa = XCBuildConfiguration;
			baseConfigurationReference = 9F2D7FFAB37F4057B974A3D9 /* Pods.xcconfig */;
			buildSettings = {
				ASSETCATALOG_COMPILER_APPICON_NAME = AppIcon;
				GCC_PREFIX_HEADER = "$(SRCROOT)/TimWedding/TimWedding.pch";
				INFOPLIST_FILE = TimWedding/Info.plist;
				IPHONEOS_DEPLOYMENT_TARGET = 8.0;
				LD_RUNPATH_SEARCH_PATHS = "$(inherited) @executable_path/Frameworks";
				PRODUCT_NAME = "$(TARGET_NAME)";
			};
			name = Debug;
		};
		160CD1361B9EB5C60030BCBD /* Release */ = {
			isa = XCBuildConfiguration;
			baseConfigurationReference = 9F2D7FFAB37F4057B974A3D9 /* Pods.xcconfig */;
			buildSettings = {
				ASSETCATALOG_COMPILER_APPICON_NAME = AppIcon;
				GCC_PREFIX_HEADER = "$(SRCROOT)/TimWedding/TimWedding.pch";
				INFOPLIST_FILE = TimWedding/Info.plist;
				IPHONEOS_DEPLOYMENT_TARGET = 8.0;
				LD_RUNPATH_SEARCH_PATHS = "$(inherited) @executable_path/Frameworks";
				PRODUCT_NAME = "$(TARGET_NAME)";
			};
			name = Release;
		};
		160CD1381B9EB5C60030BCBD /* Debug */ = {
			isa = XCBuildConfiguration;
			buildSettings = {
				BUNDLE_LOADER = "$(TEST_HOST)";
				FRAMEWORK_SEARCH_PATHS = (
					"$(SDKROOT)/Developer/Library/Frameworks",
					"$(inherited)",
				);
				GCC_PREPROCESSOR_DEFINITIONS = (
					"DEBUG=1",
					"$(inherited)",
				);
				INFOPLIST_FILE = TimWeddingTests/Info.plist;
				LD_RUNPATH_SEARCH_PATHS = "$(inherited) @executable_path/Frameworks @loader_path/Frameworks";
				PRODUCT_NAME = "$(TARGET_NAME)";
				TEST_HOST = "$(BUILT_PRODUCTS_DIR)/TimWedding.app/TimWedding";
			};
			name = Debug;
		};
		160CD1391B9EB5C60030BCBD /* Release */ = {
			isa = XCBuildConfiguration;
			buildSettings = {
				BUNDLE_LOADER = "$(TEST_HOST)";
				FRAMEWORK_SEARCH_PATHS = (
					"$(SDKROOT)/Developer/Library/Frameworks",
					"$(inherited)",
				);
				INFOPLIST_FILE = TimWeddingTests/Info.plist;
				LD_RUNPATH_SEARCH_PATHS = "$(inherited) @executable_path/Frameworks @loader_path/Frameworks";
				PRODUCT_NAME = "$(TARGET_NAME)";
				TEST_HOST = "$(BUILT_PRODUCTS_DIR)/TimWedding.app/TimWedding";
			};
			name = Release;
		};
/* End XCBuildConfiguration section */

/* Begin XCConfigurationList section */
		160CD10C1B9EB5C50030BCBD /* Build configuration list for PBXProject "TimWedding" */ = {
			isa = XCConfigurationList;
			buildConfigurations = (
				160CD1321B9EB5C60030BCBD /* Debug */,
				160CD1331B9EB5C60030BCBD /* Release */,
			);
			defaultConfigurationIsVisible = 0;
			defaultConfigurationName = Release;
		};
		160CD1341B9EB5C60030BCBD /* Build configuration list for PBXNativeTarget "TimWedding" */ = {
			isa = XCConfigurationList;
			buildConfigurations = (
				160CD1351B9EB5C60030BCBD /* Debug */,
				160CD1361B9EB5C60030BCBD /* Release */,
			);
			defaultConfigurationIsVisible = 0;
			defaultConfigurationName = Release;
		};
		160CD1371B9EB5C60030BCBD /* Build configuration list for PBXNativeTarget "TimWeddingTests" */ = {
			isa = XCConfigurationList;
			buildConfigurations = (
				160CD1381B9EB5C60030BCBD /* Debug */,
				160CD1391B9EB5C60030BCBD /* Release */,
			);
			defaultConfigurationIsVisible = 0;
			defaultConfigurationName = Release;
		};
/* End XCConfigurationList section */
	};
	rootObject = 160CD1091B9EB5C50030BCBD /* Project object */;
}
